
Microsoft Visual Studio Solution File, Format Version 12.00
# Visual Studio 15
VisualStudioVersion = 15.0.28010.0
MinimumVisualStudioVersion = 10.0.40219.1
Project("{2150E333-8FDC-42A3-9474-1A3956D46DE8}") = "Configuration", "Configuration", "{E1CE4C62-9F9E-4CC6-8E93-3B45943C8AA9}"
	ProjectSection(SolutionItems) = preProject
		gulp-config.js = gulp-config.js
		gulpfile.js = gulpfile.js
		publishsettings.targets = publishsettings.targets
		ReadMe.md = ReadMe.md
	EndProjectSection
EndProject
Project("{2150E333-8FDC-42A3-9474-1A3956D46DE8}") = "Foundation", "Foundation", "{06665E30-0F46-481D-806D-BC001E8863F2}"
EndProject
Project("{2150E333-8FDC-42A3-9474-1A3956D46DE8}") = "Feature", "Feature", "{F19DE63B-5E78-4D3D-960C-15A4C8AD193C}"
EndProject
Project("{2150E333-8FDC-42A3-9474-1A3956D46DE8}") = "Project", "Project", "{6D0C4BEA-3C06-4EDC-844A-28FC80B5A2BF}"
EndProject
Project("{2150E333-8FDC-42A3-9474-1A3956D46DE8}") = "Serialization", "Serialization", "{9960F487-EEF1-47DF-A9AB-672D1E47050A}"
EndProject
Project("{FAE04EC0-301F-11D3-BF4B-00C04F79EFBC}") = "Acme.Foundation.Serialization", "src\Foundation\Serialization\code\Acme.Foundation.Serialization.csproj", "{6CFEC64D-6E02-4705-9867-D2A508B33D41}"
EndProject
Project("{FAE04EC0-301F-11D3-BF4B-00C04F79EFBC}") = "Epsilon.Project.Example", "src\Project\Example\code\Epsilon.Project.Example.csproj", "{1A79A770-46F5-4E30-9743-7B0EB09DD78B}"
EndProject
Project("{2150E333-8FDC-42A3-9474-1A3956D46DE8}") = "Utilities", "Utilities", "{DBAD0EA6-A17E-48F4-905F-3EB6642C51C1}"
EndProject
Project("{2150E333-8FDC-42A3-9474-1A3956D46DE8}") = "UI", "UI", "{632620B0-0520-499C-BBF2-DC0D1622823D}"
EndProject
Project("{FAE04EC0-301F-11D3-BF4B-00C04F79EFBC}") = "Feature.Admin", "src\Feature\UI\Code\Feature.Admin.csproj", "{A982AE0B-3A5C-426E-A244-F6BB361378BD}"
EndProject
Project("{2150E333-8FDC-42A3-9474-1A3956D46DE8}") = "Logging", "Logging", "{1BE15CEF-3853-4AB5-BAD3-5EEE970D365A}"
EndProject
Project("{FAE04EC0-301F-11D3-BF4B-00C04F79EFBC}") = "Foundation.Log", "src\Foundation\Logging\Code\Foundation.Log.csproj", "{4521E5A5-1E7F-412F-B5C6-439EF813A104}"
EndProject
Project("{2150E333-8FDC-42A3-9474-1A3956D46DE8}") = "Helper", "Helper", "{DF245F26-F656-4B82-8BD6-706239BAA69C}"
EndProject
Project("{FAE04EC0-301F-11D3-BF4B-00C04F79EFBC}") = "Acme.Foundation.Helper", "src\Foundation\Helper\Code\Acme.Foundation.Helper.csproj", "{B63A4FE4-CAC1-41E5-A565-CD45638D5AC2}"
EndProject
Project("{2150E333-8FDC-42A3-9474-1A3956D46DE8}") = "Promotion", "Promotion", "{D2773B27-E73A-4067-B761-FDF67C346FC8}"
EndProject
Project("{FAE04EC0-301F-11D3-BF4B-00C04F79EFBC}") = "Acme.Feature.Promotion", "src\Feature\Promotion\code\Acme.Feature.Promotion.csproj", "{883E938A-4AF0-4F26-B43E-776FCA64FA8D}"
EndProject
Project("{2150E333-8FDC-42A3-9474-1A3956D46DE8}") = "Navigation", "Navigation", "{7BEE6384-97D1-4C65-BE38-31DD1CC9ED5E}"
EndProject
Project("{FAE04EC0-301F-11D3-BF4B-00C04F79EFBC}") = "Acme.Feature.Navigation", "src\Feature\Navigation\code\Acme.Feature.Navigation.csproj", "{C320B929-2275-4407-AF52-AEB64B55A903}"
EndProject
Project("{FAE04EC0-301F-11D3-BF4B-00C04F79EFBC}") = "PromoWeb.Project.Website", "src\Project\PromoWeb\code\PromoWeb.Project.Website.csproj", "{00003E15-15FA-40C6-96B5-14CE260EEAF0}"
EndProject
Project("{FAE04EC0-301F-11D3-BF4B-00C04F79EFBC}") = "Acme.Foundation.Import", "src\Foundation\Utilities\code\Acme.Foundation.Import.csproj", "{2A53DFEE-93AD-4862-B6D1-6AD9F1254E7E}"
EndProject
Project("{2150E333-8FDC-42A3-9474-1A3956D46DE8}") = "Theming", "Theming", "{D5209D91-4B00-4617-AE6D-4D60BA7BCE39}"
EndProject
Project("{FAE04EC0-301F-11D3-BF4B-00C04F79EFBC}") = "Acme.Foundation.Theming", "src\Foundation\Theming\code\Acme.Foundation.Theming.csproj", "{5AC26A00-5B8D-474C-B08B-16754EAE0566}"
EndProject
Global
	GlobalSection(SolutionConfigurationPlatforms) = preSolution
		Debug|Any CPU = Debug|Any CPU
		Release|Any CPU = Release|Any CPU
	EndGlobalSection
	GlobalSection(ProjectConfigurationPlatforms) = postSolution
		{6CFEC64D-6E02-4705-9867-D2A508B33D41}.Debug|Any CPU.ActiveCfg = Debug|Any CPU
		{6CFEC64D-6E02-4705-9867-D2A508B33D41}.Debug|Any CPU.Build.0 = Debug|Any CPU
		{6CFEC64D-6E02-4705-9867-D2A508B33D41}.Release|Any CPU.ActiveCfg = Release|Any CPU
		{6CFEC64D-6E02-4705-9867-D2A508B33D41}.Release|Any CPU.Build.0 = Release|Any CPU
		{1A79A770-46F5-4E30-9743-7B0EB09DD78B}.Debug|Any CPU.ActiveCfg = Debug|Any CPU
		{1A79A770-46F5-4E30-9743-7B0EB09DD78B}.Debug|Any CPU.Build.0 = Debug|Any CPU
		{1A79A770-46F5-4E30-9743-7B0EB09DD78B}.Release|Any CPU.ActiveCfg = Release|Any CPU
		{1A79A770-46F5-4E30-9743-7B0EB09DD78B}.Release|Any CPU.Build.0 = Release|Any CPU
		{A982AE0B-3A5C-426E-A244-F6BB361378BD}.Debug|Any CPU.ActiveCfg = Debug|Any CPU
		{A982AE0B-3A5C-426E-A244-F6BB361378BD}.Debug|Any CPU.Build.0 = Debug|Any CPU
		{A982AE0B-3A5C-426E-A244-F6BB361378BD}.Release|Any CPU.ActiveCfg = Release|Any CPU
		{A982AE0B-3A5C-426E-A244-F6BB361378BD}.Release|Any CPU.Build.0 = Release|Any CPU
		{4521E5A5-1E7F-412F-B5C6-439EF813A104}.Debug|Any CPU.ActiveCfg = Debug|Any CPU
		{4521E5A5-1E7F-412F-B5C6-439EF813A104}.Debug|Any CPU.Build.0 = Debug|Any CPU
		{4521E5A5-1E7F-412F-B5C6-439EF813A104}.Release|Any CPU.ActiveCfg = Release|Any CPU
		{4521E5A5-1E7F-412F-B5C6-439EF813A104}.Release|Any CPU.Build.0 = Release|Any CPU
		{B63A4FE4-CAC1-41E5-A565-CD45638D5AC2}.Debug|Any CPU.ActiveCfg = Debug|Any CPU
		{B63A4FE4-CAC1-41E5-A565-CD45638D5AC2}.Debug|Any CPU.Build.0 = Debug|Any CPU
		{B63A4FE4-CAC1-41E5-A565-CD45638D5AC2}.Release|Any CPU.ActiveCfg = Release|Any CPU
		{B63A4FE4-CAC1-41E5-A565-CD45638D5AC2}.Release|Any CPU.Build.0 = Release|Any CPU
		{883E938A-4AF0-4F26-B43E-776FCA64FA8D}.Debug|Any CPU.ActiveCfg = Debug|Any CPU
		{883E938A-4AF0-4F26-B43E-776FCA64FA8D}.Debug|Any CPU.Build.0 = Debug|Any CPU
		{883E938A-4AF0-4F26-B43E-776FCA64FA8D}.Release|Any CPU.ActiveCfg = Release|Any CPU
		{883E938A-4AF0-4F26-B43E-776FCA64FA8D}.Release|Any CPU.Build.0 = Release|Any CPU
		{C320B929-2275-4407-AF52-AEB64B55A903}.Debug|Any CPU.ActiveCfg = Debug|Any CPU
		{C320B929-2275-4407-AF52-AEB64B55A903}.Debug|Any CPU.Build.0 = Debug|Any CPU
		{C320B929-2275-4407-AF52-AEB64B55A903}.Release|Any CPU.ActiveCfg = Release|Any CPU
		{C320B929-2275-4407-AF52-AEB64B55A903}.Release|Any CPU.Build.0 = Release|Any CPU
		{00003E15-15FA-40C6-96B5-14CE260EEAF0}.Debug|Any CPU.ActiveCfg = Debug|Any CPU
		{00003E15-15FA-40C6-96B5-14CE260EEAF0}.Debug|Any CPU.Build.0 = Debug|Any CPU
		{00003E15-15FA-40C6-96B5-14CE260EEAF0}.Release|Any CPU.ActiveCfg = Release|Any CPU
		{00003E15-15FA-40C6-96B5-14CE260EEAF0}.Release|Any CPU.Build.0 = Release|Any CPU
		{2A53DFEE-93AD-4862-B6D1-6AD9F1254E7E}.Debug|Any CPU.ActiveCfg = Debug|Any CPU
		{2A53DFEE-93AD-4862-B6D1-6AD9F1254E7E}.Debug|Any CPU.Build.0 = Debug|Any CPU
		{2A53DFEE-93AD-4862-B6D1-6AD9F1254E7E}.Release|Any CPU.ActiveCfg = Release|Any CPU
		{2A53DFEE-93AD-4862-B6D1-6AD9F1254E7E}.Release|Any CPU.Build.0 = Release|Any CPU
		{5AC26A00-5B8D-474C-B08B-16754EAE0566}.Debug|Any CPU.ActiveCfg = Debug|Any CPU
		{5AC26A00-5B8D-474C-B08B-16754EAE0566}.Debug|Any CPU.Build.0 = Debug|Any CPU
		{5AC26A00-5B8D-474C-B08B-16754EAE0566}.Release|Any CPU.ActiveCfg = Release|Any CPU
		{5AC26A00-5B8D-474C-B08B-16754EAE0566}.Release|Any CPU.Build.0 = Release|Any CPU
	EndGlobalSection
	GlobalSection(SolutionProperties) = preSolution
		HideSolutionNode = FALSE
	EndGlobalSection
	GlobalSection(NestedProjects) = preSolution
		{9960F487-EEF1-47DF-A9AB-672D1E47050A} = {06665E30-0F46-481D-806D-BC001E8863F2}
		{6CFEC64D-6E02-4705-9867-D2A508B33D41} = {9960F487-EEF1-47DF-A9AB-672D1E47050A}
		{1A79A770-46F5-4E30-9743-7B0EB09DD78B} = {6D0C4BEA-3C06-4EDC-844A-28FC80B5A2BF}
		{DBAD0EA6-A17E-48F4-905F-3EB6642C51C1} = {06665E30-0F46-481D-806D-BC001E8863F2}
		{632620B0-0520-499C-BBF2-DC0D1622823D} = {F19DE63B-5E78-4D3D-960C-15A4C8AD193C}
		{A982AE0B-3A5C-426E-A244-F6BB361378BD} = {632620B0-0520-499C-BBF2-DC0D1622823D}
		{1BE15CEF-3853-4AB5-BAD3-5EEE970D365A} = {06665E30-0F46-481D-806D-BC001E8863F2}
		{4521E5A5-1E7F-412F-B5C6-439EF813A104} = {1BE15CEF-3853-4AB5-BAD3-5EEE970D365A}
		{DF245F26-F656-4B82-8BD6-706239BAA69C} = {06665E30-0F46-481D-806D-BC001E8863F2}
		{B63A4FE4-CAC1-41E5-A565-CD45638D5AC2} = {DF245F26-F656-4B82-8BD6-706239BAA69C}
		{D2773B27-E73A-4067-B761-FDF67C346FC8} = {F19DE63B-5E78-4D3D-960C-15A4C8AD193C}
		{883E938A-4AF0-4F26-B43E-776FCA64FA8D} = {D2773B27-E73A-4067-B761-FDF67C346FC8}
		{7BEE6384-97D1-4C65-BE38-31DD1CC9ED5E} = {F19DE63B-5E78-4D3D-960C-15A4C8AD193C}
		{C320B929-2275-4407-AF52-AEB64B55A903} = {7BEE6384-97D1-4C65-BE38-31DD1CC9ED5E}
		{00003E15-15FA-40C6-96B5-14CE260EEAF0} = {6D0C4BEA-3C06-4EDC-844A-28FC80B5A2BF}
		{2A53DFEE-93AD-4862-B6D1-6AD9F1254E7E} = {DBAD0EA6-A17E-48F4-905F-3EB6642C51C1}
		{D5209D91-4B00-4617-AE6D-4D60BA7BCE39} = {06665E30-0F46-481D-806D-BC001E8863F2}
		{5AC26A00-5B8D-474C-B08B-16754EAE0566} = {D5209D91-4B00-4617-AE6D-4D60BA7BCE39}
	EndGlobalSection
	GlobalSection(ExtensibilityGlobals) = postSolution
		SolutionGuid = {8268E053-FB04-4373-9862-2178F3912FFD}
		EnterpriseLibraryConfigurationToolBinariesPathV6 = packages\EnterpriseLibrary.Common.6.0.1304.0\lib\NET45;packages\EnterpriseLibrary.TransientFaultHandling.6.0.1304.0\lib\portable-net45+win+wp8;packages\EnterpriseLibrary.TransientFaultHandling.Caching.6.0.1304.0\lib\NET45;packages\EnterpriseLibrary.TransientFaultHandling.Data.6.0.1304.1\lib\NET45;packages\EnterpriseLibrary.TransientFaultHandling.ServiceBus.6.0.1304.0\lib\NET45;packages\EnterpriseLibrary.TransientFaultHandling.WindowsAzure.Storage.6.0.1304.0\lib\NET45;packages\EnterpriseLibrary.TransientFaultHandling.Configuration.6.0.1304.0\lib\NET45
	EndGlobalSection
EndGlobal
